
Microsoft Visual Studio Solution File, Format Version 12.00
# Visual Studio 15
VisualStudioVersion = 15.0.26730.10
MinimumVisualStudioVersion = 10.0.40219.1


Project("{9A19103F-16F7-4668-BE54-9A1E7A4F7556}") = "Sample", "Sample\Sample\Sample.csproj", "{83C3D577-B871-4EF7-8442-3FEF6E66848B}"
EndProject

Project("{FAE04EC0-301F-11D3-BF4B-00C04F79EFBC}") = "Sample.iOS", "Sample\Sample.iOS\Sample.iOS.csproj", "{9174D2C7-A0C9-4765-9309-7A8DB62902F0}"
EndProject


Project("{FAE04EC0-301F-11D3-BF4B-00C04F79EFBC}") = "Sample.Android", "Sample\Sample.Android\Sample.Android.csproj", "{8439ED93-DE0D-4663-BFA1-AC22E47DAB75}"
EndProject

Project("{FAE04EC0-301F-11D3-BF4B-00C04F79EFBC}") = "Sample.UWP", "Sample\Sample.UWP\Sample.UWP.csproj", "{4A6E5B54-B4A8-48CD-AE3C-B3D899937F3B}"
EndProject

Global
	GlobalSection(SolutionConfigurationPlatforms) = preSolution
		Ad-Hoc|Any CPU = Ad-Hoc|Any CPU
		Ad-Hoc|ARM = Ad-Hoc|ARM
		Ad-Hoc|iPhone = Ad-Hoc|iPhone
		Ad-Hoc|iPhoneSimulator = Ad-Hoc|iPhoneSimulator
		Ad-Hoc|x64 = Ad-Hoc|x64
		Ad-Hoc|x86 = Ad-Hoc|x86
		AppStore|Any CPU = AppStore|Any CPU
		AppStore|ARM = AppStore|ARM
		AppStore|iPhone = AppStore|iPhone
		AppStore|iPhoneSimulator = AppStore|iPhoneSimulator
		AppStore|x64 = AppStore|x64
		AppStore|x86 = AppStore|x86
		Debug|Any CPU = Debug|Any CPU
		Debug|ARM = Debug|ARM
		Debug|iPhone = Debug|iPhone
		Debug|iPhoneSimulator = Debug|iPhoneSimulator
		Debug|x64 = Debug|x64
		Debug|x86 = Debug|x86
		Release|Any CPU = Release|Any CPU
		Release|ARM = Release|ARM
		Release|iPhone = Release|iPhone
		Release|iPhoneSimulator = Release|iPhoneSimulator
		Release|x64 = Release|x64
		Release|x86 = Release|x86
	EndGlobalSection
	GlobalSection(ProjectConfigurationPlatforms) = postSolution
		{83C3D577-B871-4EF7-8442-3FEF6E66848B}.Ad-Hoc|Any CPU.ActiveCfg = Debug|Any CPU
		{83C3D577-B871-4EF7-8442-3FEF6E66848B}.Ad-Hoc|Any CPU.Build.0 = Debug|Any CPU
		{83C3D577-B871-4EF7-8442-3FEF6E66848B}.Ad-Hoc|ARM.ActiveCfg = Debug|Any CPU
		{83C3D577-B871-4EF7-8442-3FEF6E66848B}.Ad-Hoc|ARM.Build.0 = Debug|Any CPU
		{83C3D577-B871-4EF7-8442-3FEF6E66848B}.Ad-Hoc|iPhone.ActiveCfg = Debug|Any CPU
		{83C3D577-B871-4EF7-8442-3FEF6E66848B}.Ad-Hoc|iPhone.Build.0 = Debug|Any CPU
		{83C3D577-B871-4EF7-8442-3FEF6E66848B}.Ad-Hoc|iPhoneSimulator.ActiveCfg = Debug|Any CPU
		{83C3D577-B871-4EF7-8442-3FEF6E66848B}.Ad-Hoc|iPhoneSimulator.Build.0 = Debug|Any CPU
		{83C3D577-B871-4EF7-8442-3FEF6E66848B}.Ad-Hoc|x64.ActiveCfg = Debug|Any CPU
		{83C3D577-B871-4EF7-8442-3FEF6E66848B}.Ad-Hoc|x64.Build.0 = Debug|Any CPU
		{83C3D577-B871-4EF7-8442-3FEF6E66848B}.Ad-Hoc|x86.ActiveCfg = Debug|Any CPU
		{83C3D577-B871-4EF7-8442-3FEF6E66848B}.Ad-Hoc|x86.Build.0 = Debug|Any CPU
		{83C3D577-B871-4EF7-8442-3FEF6E66848B}.AppStore|Any CPU.ActiveCfg = Debug|Any CPU
		{83C3D577-B871-4EF7-8442-3FEF6E66848B}.AppStore|Any CPU.Build.0 = Debug|Any CPU
		{83C3D577-B871-4EF7-8442-3FEF6E66848B}.AppStore|ARM.ActiveCfg = Debug|Any CPU
		{83C3D577-B871-4EF7-8442-3FEF6E66848B}.AppStore|ARM.Build.0 = Debug|Any CPU
		{83C3D577-B871-4EF7-8442-3FEF6E66848B}.AppStore|iPhone.ActiveCfg = Debug|Any CPU
		{83C3D577-B871-4EF7-8442-3FEF6E66848B}.AppStore|iPhone.Build.0 = Debug|Any CPU
		{83C3D577-B871-4EF7-8442-3FEF6E66848B}.AppStore|iPhoneSimulator.ActiveCfg = Debug|Any CPU
		{83C3D577-B871-4EF7-8442-3FEF6E66848B}.AppStore|iPhoneSimulator.Build.0 = Debug|Any CPU
		{83C3D577-B871-4EF7-8442-3FEF6E66848B}.AppStore|x64.ActiveCfg = Debug|Any CPU
		{83C3D577-B871-4EF7-8442-3FEF6E66848B}.AppStore|x64.Build.0 = Debug|Any CPU
		{83C3D577-B871-4EF7-8442-3FEF6E66848B}.AppStore|x86.ActiveCfg = Debug|Any CPU
		{83C3D577-B871-4EF7-8442-3FEF6E66848B}.AppStore|x86.Build.0 = Debug|Any CPU
		{83C3D577-B871-4EF7-8442-3FEF6E66848B}.Debug|Any CPU.ActiveCfg = Debug|Any CPU
		{83C3D577-B871-4EF7-8442-3FEF6E66848B}.Debug|Any CPU.Build.0 = Debug|Any CPU
		{83C3D577-B871-4EF7-8442-3FEF6E66848B}.Debug|ARM.ActiveCfg = Debug|Any CPU
		{83C3D577-B871-4EF7-8442-3FEF6E66848B}.Debug|ARM.Build.0 = Debug|Any CPU
		{83C3D577-B871-4EF7-8442-3FEF6E66848B}.Debug|iPhone.ActiveCfg = Debug|Any CPU
		{83C3D577-B871-4EF7-8442-3FEF6E66848B}.Debug|iPhone.Build.0 = Debug|Any CPU
		{83C3D577-B871-4EF7-8442-3FEF6E66848B}.Debug|iPhoneSimulator.ActiveCfg = Debug|Any CPU
		{83C3D577-B871-4EF7-8442-3FEF6E66848B}.Debug|iPhoneSimulator.Build.0 = Debug|Any CPU
		{83C3D577-B871-4EF7-8442-3FEF6E66848B}.Debug|x64.ActiveCfg = Debug|Any CPU
		{83C3D577-B871-4EF7-8442-3FEF6E66848B}.Debug|x64.Build.0 = Debug|Any CPU
		{83C3D577-B871-4EF7-8442-3FEF6E66848B}.Debug|x86.ActiveCfg = Debug|Any CPU
		{83C3D577-B871-4EF7-8442-3FEF6E66848B}.Debug|x86.Build.0 = Debug|Any CPU
		{83C3D577-B871-4EF7-8442-3FEF6E66848B}.Release|Any CPU.ActiveCfg = Release|Any CPU
		{83C3D577-B871-4EF7-8442-3FEF6E66848B}.Release|Any CPU.Build.0 = Release|Any CPU
		{83C3D577-B871-4EF7-8442-3FEF6E66848B}.Release|ARM.ActiveCfg = Release|Any CPU
		{83C3D577-B871-4EF7-8442-3FEF6E66848B}.Release|ARM.Build.0 = Release|Any CPU
		{83C3D577-B871-4EF7-8442-3FEF6E66848B}.Release|iPhone.ActiveCfg = Release|Any CPU
		{83C3D577-B871-4EF7-8442-3FEF6E66848B}.Release|iPhone.Build.0 = Release|Any CPU
		{83C3D577-B871-4EF7-8442-3FEF6E66848B}.Release|iPhoneSimulator.ActiveCfg = Release|Any CPU
		{83C3D577-B871-4EF7-8442-3FEF6E66848B}.Release|iPhoneSimulator.Build.0 = Release|Any CPU
		{83C3D577-B871-4EF7-8442-3FEF6E66848B}.Release|x64.ActiveCfg = Release|Any CPU
		{83C3D577-B871-4EF7-8442-3FEF6E66848B}.Release|x64.Build.0 = Release|Any CPU
		{83C3D577-B871-4EF7-8442-3FEF6E66848B}.Release|x86.ActiveCfg = Release|Any CPU
		{83C3D577-B871-4EF7-8442-3FEF6E66848B}.Release|x86.Build.0 = Release|Any CPU
		{9174D2C7-A0C9-4765-9309-7A8DB62902F0}.Ad-Hoc|Any CPU.ActiveCfg = Ad-Hoc|iPhone
		{9174D2C7-A0C9-4765-9309-7A8DB62902F0}.Ad-Hoc|ARM.ActiveCfg = Ad-Hoc|iPhone
		{9174D2C7-A0C9-4765-9309-7A8DB62902F0}.Ad-Hoc|iPhone.ActiveCfg = Ad-Hoc|iPhone
		{9174D2C7-A0C9-4765-9309-7A8DB62902F0}.Ad-Hoc|iPhone.Build.0 = Ad-Hoc|iPhone
		{9174D2C7-A0C9-4765-9309-7A8DB62902F0}.Ad-Hoc|iPhoneSimulator.ActiveCfg = Ad-Hoc|iPhoneSimulator
		{9174D2C7-A0C9-4765-9309-7A8DB62902F0}.Ad-Hoc|iPhoneSimulator.Build.0 = Ad-Hoc|iPhoneSimulator
		{9174D2C7-A0C9-4765-9309-7A8DB62902F0}.Ad-Hoc|x64.ActiveCfg = Ad-Hoc|iPhone
		{9174D2C7-A0C9-4765-9309-7A8DB62902F0}.Ad-Hoc|x86.ActiveCfg = Ad-Hoc|iPhone
		{9174D2C7-A0C9-4765-9309-7A8DB62902F0}.AppStore|Any CPU.ActiveCfg = AppStore|iPhone
		{9174D2C7-A0C9-4765-9309-7A8DB62902F0}.AppStore|ARM.ActiveCfg = AppStore|iPhone
		{9174D2C7-A0C9-4765-9309-7A8DB62902F0}.AppStore|iPhone.ActiveCfg = AppStore|iPhone
		{9174D2C7-A0C9-4765-9309-7A8DB62902F0}.AppStore|iPhone.Build.0 = AppStore|iPhone
		{9174D2C7-A0C9-4765-9309-7A8DB62902F0}.AppStore|iPhoneSimulator.ActiveCfg = AppStore|iPhoneSimulator
		{9174D2C7-A0C9-4765-9309-7A8DB62902F0}.AppStore|iPhoneSimulator.Build.0 = AppStore|iPhoneSimulator
		{9174D2C7-A0C9-4765-9309-7A8DB62902F0}.AppStore|x64.ActiveCfg = AppStore|iPhone
		{9174D2C7-A0C9-4765-9309-7A8DB62902F0}.AppStore|x86.ActiveCfg = AppStore|iPhone
		{9174D2C7-A0C9-4765-9309-7A8DB62902F0}.Debug|Any CPU.ActiveCfg = Debug|iPhone
		{9174D2C7-A0C9-4765-9309-7A8DB62902F0}.Debug|ARM.ActiveCfg = Debug|iPhone
		{9174D2C7-A0C9-4765-9309-7A8DB62902F0}.Debug|iPhone.ActiveCfg = Debug|iPhone
		{9174D2C7-A0C9-4765-9309-7A8DB62902F0}.Debug|iPhone.Build.0 = Debug|iPhone
		{9174D2C7-A0C9-4765-9309-7A8DB62902F0}.Debug|iPhoneSimulator.ActiveCfg = Debug|iPhoneSimulator
		{9174D2C7-A0C9-4765-9309-7A8DB62902F0}.Debug|iPhoneSimulator.Build.0 = Debug|iPhoneSimulator
		{9174D2C7-A0C9-4765-9309-7A8DB62902F0}.Debug|x64.ActiveCfg = Debug|iPhone
		{9174D2C7-A0C9-4765-9309-7A8DB62902F0}.Debug|x86.ActiveCfg = Debug|iPhone
		{9174D2C7-A0C9-4765-9309-7A8DB62902F0}.Release|Any CPU.ActiveCfg = Release|iPhone
		{9174D2C7-A0C9-4765-9309-7A8DB62902F0}.Release|ARM.ActiveCfg = Release|iPhone
		{9174D2C7-A0C9-4765-9309-7A8DB62902F0}.Release|iPhone.ActiveCfg = Release|iPhone
		{9174D2C7-A0C9-4765-9309-7A8DB62902F0}.Release|iPhone.Build.0 = Release|iPhone
		{9174D2C7-A0C9-4765-9309-7A8DB62902F0}.Release|iPhoneSimulator.ActiveCfg = Release|iPhoneSimulator
		{9174D2C7-A0C9-4765-9309-7A8DB62902F0}.Release|iPhoneSimulator.Build.0 = Release|iPhoneSimulator
		{9174D2C7-A0C9-4765-9309-7A8DB62902F0}.Release|x64.ActiveCfg = Release|iPhone
		{9174D2C7-A0C9-4765-9309-7A8DB62902F0}.Release|x86.ActiveCfg = Release|iPhone
		{4A6E5B54-B4A8-48CD-AE3C-B3D899937F3B}.Ad-Hoc|Any CPU.ActiveCfg = Release|x86
		{4A6E5B54-B4A8-48CD-AE3C-B3D899937F3B}.Ad-Hoc|Any CPU.Build.0 = Release|x86
		{4A6E5B54-B4A8-48CD-AE3C-B3D899937F3B}.Ad-Hoc|Any CPU.Deploy.0 = Release|x86
		{4A6E5B54-B4A8-48CD-AE3C-B3D899937F3B}.Ad-Hoc|ARM.ActiveCfg = Release|ARM
		{4A6E5B54-B4A8-48CD-AE3C-B3D899937F3B}.Ad-Hoc|ARM.Build.0 = Release|ARM
		{4A6E5B54-B4A8-48CD-AE3C-B3D899937F3B}.Ad-Hoc|ARM.Deploy.0 = Release|ARM
		{4A6E5B54-B4A8-48CD-AE3C-B3D899937F3B}.Ad-Hoc|iPhone.ActiveCfg = Release|x86
		{4A6E5B54-B4A8-48CD-AE3C-B3D899937F3B}.Ad-Hoc|iPhone.Build.0 = Release|x86
		{4A6E5B54-B4A8-48CD-AE3C-B3D899937F3B}.Ad-Hoc|iPhone.Deploy.0 = Release|x86
		{4A6E5B54-B4A8-48CD-AE3C-B3D899937F3B}.Ad-Hoc|iPhoneSimulator.ActiveCfg = Release|x86
		{4A6E5B54-B4A8-48CD-AE3C-B3D899937F3B}.Ad-Hoc|iPhoneSimulator.Build.0 = Release|x86
		{4A6E5B54-B4A8-48CD-AE3C-B3D899937F3B}.Ad-Hoc|iPhoneSimulator.Deploy.0 = Release|x86
		{4A6E5B54-B4A8-48CD-AE3C-B3D899937F3B}.Ad-Hoc|x64.ActiveCfg = Release|x64
		{4A6E5B54-B4A8-48CD-AE3C-B3D899937F3B}.Ad-Hoc|x64.Build.0 = Release|x64
		{4A6E5B54-B4A8-48CD-AE3C-B3D899937F3B}.Ad-Hoc|x64.Deploy.0 = Release|x64
		{4A6E5B54-B4A8-48CD-AE3C-B3D899937F3B}.Ad-Hoc|x86.ActiveCfg = Release|x86
		{4A6E5B54-B4A8-48CD-AE3C-B3D899937F3B}.Ad-Hoc|x86.Build.0 = Release|x86
		{4A6E5B54-B4A8-48CD-AE3C-B3D899937F3B}.Ad-Hoc|x86.Deploy.0 = Release|x86
		{4A6E5B54-B4A8-48CD-AE3C-B3D899937F3B}.AppStore|Any CPU.ActiveCfg = Release|x86
		{4A6E5B54-B4A8-48CD-AE3C-B3D899937F3B}.AppStore|Any CPU.Build.0 = Release|x86
		{4A6E5B54-B4A8-48CD-AE3C-B3D899937F3B}.AppStore|Any CPU.Deploy.0 = Release|x86
		{4A6E5B54-B4A8-48CD-AE3C-B3D899937F3B}.AppStore|ARM.ActiveCfg = Release|ARM
		{4A6E5B54-B4A8-48CD-AE3C-B3D899937F3B}.AppStore|ARM.Build.0 = Release|ARM
		{4A6E5B54-B4A8-48CD-AE3C-B3D899937F3B}.AppStore|ARM.Deploy.0 = Release|ARM
		{4A6E5B54-B4A8-48CD-AE3C-B3D899937F3B}.AppStore|iPhone.ActiveCfg = Release|x86
		{4A6E5B54-B4A8-48CD-AE3C-B3D899937F3B}.AppStore|iPhone.Build.0 = Release|x86
		{4A6E5B54-B4A8-48CD-AE3C-B3D899937F3B}.AppStore|iPhone.Deploy.0 = Release|x86
		{4A6E5B54-B4A8-48CD-AE3C-B3D899937F3B}.AppStore|iPhoneSimulator.ActiveCfg = Release|x86
		{4A6E5B54-B4A8-48CD-AE3C-B3D899937F3B}.AppStore|iPhoneSimulator.Build.0 = Release|x86
		{4A6E5B54-B4A8-48CD-AE3C-B3D899937F3B}.AppStore|iPhoneSimulator.Deploy.0 = Release|x86
		{4A6E5B54-B4A8-48CD-AE3C-B3D899937F3B}.AppStore|x64.ActiveCfg = Release|x64
		{4A6E5B54-B4A8-48CD-AE3C-B3D899937F3B}.AppStore|x64.Build.0 = Release|x64
		{4A6E5B54-B4A8-48CD-AE3C-B3D899937F3B}.AppStore|x64.Deploy.0 = Release|x64
		{4A6E5B54-B4A8-48CD-AE3C-B3D899937F3B}.AppStore|x86.ActiveCfg = Release|x86
		{4A6E5B54-B4A8-48CD-AE3C-B3D899937F3B}.AppStore|x86.Build.0 = Release|x86
		{4A6E5B54-B4A8-48CD-AE3C-B3D899937F3B}.AppStore|x86.Deploy.0 = Release|x86
		{4A6E5B54-B4A8-48CD-AE3C-B3D899937F3B}.Debug|Any CPU.ActiveCfg = Debug|x86
		{4A6E5B54-B4A8-48CD-AE3C-B3D899937F3B}.Debug|ARM.ActiveCfg = Debug|ARM
		{4A6E5B54-B4A8-48CD-AE3C-B3D899937F3B}.Debug|ARM.Build.0 = Debug|ARM
		{4A6E5B54-B4A8-48CD-AE3C-B3D899937F3B}.Debug|ARM.Deploy.0 = Debug|ARM
		{4A6E5B54-B4A8-48CD-AE3C-B3D899937F3B}.Debug|iPhone.ActiveCfg = Debug|x86
		{4A6E5B54-B4A8-48CD-AE3C-B3D899937F3B}.Debug|iPhoneSimulator.ActiveCfg = Debug|x86
		{4A6E5B54-B4A8-48CD-AE3C-B3D899937F3B}.Debug|x64.ActiveCfg = Debug|x64
		{4A6E5B54-B4A8-48CD-AE3C-B3D899937F3B}.Debug|x64.Build.0 = Debug|x64
		{4A6E5B54-B4A8-48CD-AE3C-B3D899937F3B}.Debug|x64.Deploy.0 = Debug|x64
		{4A6E5B54-B4A8-48CD-AE3C-B3D899937F3B}.Debug|x86.ActiveCfg = Debug|x86
		{4A6E5B54-B4A8-48CD-AE3C-B3D899937F3B}.Debug|x86.Build.0 = Debug|x86
		{4A6E5B54-B4A8-48CD-AE3C-B3D899937F3B}.Debug|x86.Deploy.0 = Debug|x86
		{4A6E5B54-B4A8-48CD-AE3C-B3D899937F3B}.Release|Any CPU.ActiveCfg = Release|x86
		{4A6E5B54-B4A8-48CD-AE3C-B3D899937F3B}.Release|ARM.ActiveCfg = Release|ARM
		{4A6E5B54-B4A8-48CD-AE3C-B3D899937F3B}.Release|ARM.Build.0 = Release|ARM
		{4A6E5B54-B4A8-48CD-AE3C-B3D899937F3B}.Release|ARM.Deploy.0 = Release|ARM
		{4A6E5B54-B4A8-48CD-AE3C-B3D899937F3B}.Release|iPhone.ActiveCfg = Release|x86
		{4A6E5B54-B4A8-48CD-AE3C-B3D899937F3B}.Release|iPhoneSimulator.ActiveCfg = Release|x86
		{4A6E5B54-B4A8-48CD-AE3C-B3D899937F3B}.Release|x64.ActiveCfg = Release|x64
		{4A6E5B54-B4A8-48CD-AE3C-B3D899937F3B}.Release|x64.Build.0 = Release|x64
		{4A6E5B54-B4A8-48CD-AE3C-B3D899937F3B}.Release|x64.Deploy.0 = Release|x64
		{4A6E5B54-B4A8-48CD-AE3C-B3D899937F3B}.Release|x86.ActiveCfg = Release|x86
		{4A6E5B54-B4A8-48CD-AE3C-B3D899937F3B}.Release|x86.Build.0 = Release|x86
		{4A6E5B54-B4A8-48CD-AE3C-B3D899937F3B}.Release|x86.Deploy.0 = Release|x86
		{20FDA6ED-B68E-4610-807B-F358668F181E}.Ad-Hoc|Any CPU.ActiveCfg = Release|Any CPU
		{20FDA6ED-B68E-4610-807B-F358668F181E}.Ad-Hoc|Any CPU.Build.0 = Release|Any CPU
		{20FDA6ED-B68E-4610-807B-F358668F181E}.Ad-Hoc|Any CPU.Deploy.0 = Release|Any CPU
		{20FDA6ED-B68E-4610-807B-F358668F181E}.Ad-Hoc|ARM.ActiveCfg = Release|Any CPU
		{20FDA6ED-B68E-4610-807B-F358668F181E}.Ad-Hoc|ARM.Build.0 = Release|Any CPU
		{20FDA6ED-B68E-4610-807B-F358668F181E}.Ad-Hoc|ARM.Deploy.0 = Release|Any CPU
		{20FDA6ED-B68E-4610-807B-F358668F181E}.Ad-Hoc|iPhone.ActiveCfg = Release|Any CPU
		{20FDA6ED-B68E-4610-807B-F358668F181E}.Ad-Hoc|iPhone.Build.0 = Release|Any CPU
		{20FDA6ED-B68E-4610-807B-F358668F181E}.Ad-Hoc|iPhone.Deploy.0 = Release|Any CPU
		{20FDA6ED-B68E-4610-807B-F358668F181E}.Ad-Hoc|iPhoneSimulator.ActiveCfg = Release|Any CPU
		{20FDA6ED-B68E-4610-807B-F358668F181E}.Ad-Hoc|iPhoneSimulator.Build.0 = Release|Any CPU
		{20FDA6ED-B68E-4610-807B-F358668F181E}.Ad-Hoc|iPhoneSimulator.Deploy.0 = Release|Any CPU
		{20FDA6ED-B68E-4610-807B-F358668F181E}.Ad-Hoc|x64.ActiveCfg = Release|Any CPU
		{20FDA6ED-B68E-4610-807B-F358668F181E}.Ad-Hoc|x64.Build.0 = Release|Any CPU
		{20FDA6ED-B68E-4610-807B-F358668F181E}.Ad-Hoc|x64.Deploy.0 = Release|Any CPU
		{20FDA6ED-B68E-4610-807B-F358668F181E}.Ad-Hoc|x86.ActiveCfg = Release|Any CPU
		{20FDA6ED-B68E-4610-807B-F358668F181E}.Ad-Hoc|x86.Build.0 = Release|Any CPU
		{20FDA6ED-B68E-4610-807B-F358668F181E}.Ad-Hoc|x86.Deploy.0 = Release|Any CPU
		{20FDA6ED-B68E-4610-807B-F358668F181E}.AppStore|Any CPU.ActiveCfg = Release|Any CPU
		{20FDA6ED-B68E-4610-807B-F358668F181E}.AppStore|Any CPU.Build.0 = Release|Any CPU
		{20FDA6ED-B68E-4610-807B-F358668F181E}.AppStore|Any CPU.Deploy.0 = Release|Any CPU
		{20FDA6ED-B68E-4610-807B-F358668F181E}.AppStore|ARM.ActiveCfg = Release|Any CPU
		{20FDA6ED-B68E-4610-807B-F358668F181E}.AppStore|ARM.Build.0 = Release|Any CPU
		{20FDA6ED-B68E-4610-807B-F358668F181E}.AppStore|ARM.Deploy.0 = Release|Any CPU
		{20FDA6ED-B68E-4610-807B-F358668F181E}.AppStore|iPhone.ActiveCfg = Release|Any CPU
		{20FDA6ED-B68E-4610-807B-F358668F181E}.AppStore|iPhone.Build.0 = Release|Any CPU
		{20FDA6ED-B68E-4610-807B-F358668F181E}.AppStore|iPhone.Deploy.0 = Release|Any CPU
		{20FDA6ED-B68E-4610-807B-F358668F181E}.AppStore|iPhoneSimulator.ActiveCfg = Release|Any CPU
		{20FDA6ED-B68E-4610-807B-F358668F181E}.AppStore|iPhoneSimulator.Build.0 = Release|Any CPU
		{20FDA6ED-B68E-4610-807B-F358668F181E}.AppStore|iPhoneSimulator.Deploy.0 = Release|Any CPU
		{20FDA6ED-B68E-4610-807B-F358668F181E}.AppStore|x64.ActiveCfg = Release|Any CPU
		{20FDA6ED-B68E-4610-807B-F358668F181E}.AppStore|x64.Build.0 = Release|Any CPU
		{20FDA6ED-B68E-4610-807B-F358668F181E}.AppStore|x64.Deploy.0 = Release|Any CPU
		{20FDA6ED-B68E-4610-807B-F358668F181E}.AppStore|x86.ActiveCfg = Release|Any CPU
		{20FDA6ED-B68E-4610-807B-F358668F181E}.AppStore|x86.Build.0 = Release|Any CPU
		{20FDA6ED-B68E-4610-807B-F358668F181E}.AppStore|x86.Deploy.0 = Release|Any CPU
		{20FDA6ED-B68E-4610-807B-F358668F181E}.Debug|Any CPU.ActiveCfg = Debug|Any CPU
		{20FDA6ED-B68E-4610-807B-F358668F181E}.Debug|Any CPU.Build.0 = Debug|Any CPU
		{20FDA6ED-B68E-4610-807B-F358668F181E}.Debug|Any CPU.Deploy.0 = Debug|Any CPU
		{20FDA6ED-B68E-4610-807B-F358668F181E}.Debug|ARM.ActiveCfg = Debug|Any CPU
		{20FDA6ED-B68E-4610-807B-F358668F181E}.Debug|ARM.Build.0 = Debug|Any CPU
		{20FDA6ED-B68E-4610-807B-F358668F181E}.Debug|ARM.Deploy.0 = Debug|Any CPU
		{20FDA6ED-B68E-4610-807B-F358668F181E}.Debug|iPhone.ActiveCfg = Debug|Any CPU
		{20FDA6ED-B68E-4610-807B-F358668F181E}.Debug|iPhone.Build.0 = Debug|Any CPU
		{20FDA6ED-B68E-4610-807B-F358668F181E}.Debug|iPhone.Deploy.0 = Debug|Any CPU
		{20FDA6ED-B68E-4610-807B-F358668F181E}.Debug|iPhoneSimulator.ActiveCfg = Debug|Any CPU
		{20FDA6ED-B68E-4610-807B-F358668F181E}.Debug|iPhoneSimulator.Build.0 = Debug|Any CPU
		{20FDA6ED-B68E-4610-807B-F358668F181E}.Debug|iPhoneSimulator.Deploy.0 = Debug|Any CPU
		{20FDA6ED-B68E-4610-807B-F358668F181E}.Debug|x64.ActiveCfg = Debug|Any CPU
		{20FDA6ED-B68E-4610-807B-F358668F181E}.Debug|x64.Build.0 = Debug|Any CPU
		{20FDA6ED-B68E-4610-807B-F358668F181E}.Debug|x64.Deploy.0 = Debug|Any CPU
		{20FDA6ED-B68E-4610-807B-F358668F181E}.Debug|x86.ActiveCfg = Debug|Any CPU
		{20FDA6ED-B68E-4610-807B-F358668F181E}.Debug|x86.Build.0 = Debug|Any CPU
		{20FDA6ED-B68E-4610-807B-F358668F181E}.Debug|x86.Deploy.0 = Debug|Any CPU
		{20FDA6ED-B68E-4610-807B-F358668F181E}.Release|Any CPU.ActiveCfg = Release|Any CPU
		{20FDA6ED-B68E-4610-807B-F358668F181E}.Release|Any CPU.Build.0 = Release|Any CPU
		{20FDA6ED-B68E-4610-807B-F358668F181E}.Release|Any CPU.Deploy.0 = Release|Any CPU
		{20FDA6ED-B68E-4610-807B-F358668F181E}.Release|ARM.ActiveCfg = Release|Any CPU
		{20FDA6ED-B68E-4610-807B-F358668F181E}.Release|ARM.Build.0 = Release|Any CPU
		{20FDA6ED-B68E-4610-807B-F358668F181E}.Release|ARM.Deploy.0 = Release|Any CPU
		{20FDA6ED-B68E-4610-807B-F358668F181E}.Release|iPhone.ActiveCfg = Release|Any CPU
		{20FDA6ED-B68E-4610-807B-F358668F181E}.Release|iPhone.Build.0 = Release|Any CPU
		{20FDA6ED-B68E-4610-807B-F358668F181E}.Release|iPhone.Deploy.0 = Release|Any CPU
		{20FDA6ED-B68E-4610-807B-F358668F181E}.Release|iPhoneSimulator.ActiveCfg = Release|Any CPU
		{20FDA6ED-B68E-4610-807B-F358668F181E}.Release|iPhoneSimulator.Build.0 = Release|Any CPU
		{20FDA6ED-B68E-4610-807B-F358668F181E}.Release|iPhoneSimulator.Deploy.0 = Release|Any CPU
		{20FDA6ED-B68E-4610-807B-F358668F181E}.Release|x64.ActiveCfg = Release|Any CPU
		{20FDA6ED-B68E-4610-807B-F358668F181E}.Release|x64.Build.0 = Release|Any CPU
		{20FDA6ED-B68E-4610-807B-F358668F181E}.Release|x64.Deploy.0 = Release|Any CPU
		{20FDA6ED-B68E-4610-807B-F358668F181E}.Release|x86.ActiveCfg = Release|Any CPU
		{20FDA6ED-B68E-4610-807B-F358668F181E}.Release|x86.Build.0 = Release|Any CPU
		{20FDA6ED-B68E-4610-807B-F358668F181E}.Release|x86.Deploy.0 = Release|Any CPU
		{B445DF73-AC9E-4276-9FBA-7CB5AD5D2518}.Ad-Hoc|Any CPU.ActiveCfg = Release|Any CPU
		{B445DF73-AC9E-4276-9FBA-7CB5AD5D2518}.Ad-Hoc|Any CPU.Build.0 = Release|Any CPU
		{B445DF73-AC9E-4276-9FBA-7CB5AD5D2518}.Ad-Hoc|ARM.ActiveCfg = Release|Any CPU
		{B445DF73-AC9E-4276-9FBA-7CB5AD5D2518}.Ad-Hoc|ARM.Build.0 = Release|Any CPU
		{B445DF73-AC9E-4276-9FBA-7CB5AD5D2518}.Ad-Hoc|iPhone.ActiveCfg = Release|Any CPU
		{B445DF73-AC9E-4276-9FBA-7CB5AD5D2518}.Ad-Hoc|iPhone.Build.0 = Release|Any CPU
		{B445DF73-AC9E-4276-9FBA-7CB5AD5D2518}.Ad-Hoc|iPhoneSimulator.ActiveCfg = Release|Any CPU
		{B445DF73-AC9E-4276-9FBA-7CB5AD5D2518}.Ad-Hoc|iPhoneSimulator.Build.0 = Release|Any CPU
		{B445DF73-AC9E-4276-9FBA-7CB5AD5D2518}.Ad-Hoc|x64.ActiveCfg = Release|Any CPU
		{B445DF73-AC9E-4276-9FBA-7CB5AD5D2518}.Ad-Hoc|x64.Build.0 = Release|Any CPU
		{B445DF73-AC9E-4276-9FBA-7CB5AD5D2518}.Ad-Hoc|x86.ActiveCfg = Release|Any CPU
		{B445DF73-AC9E-4276-9FBA-7CB5AD5D2518}.Ad-Hoc|x86.Build.0 = Release|Any CPU
		{B445DF73-AC9E-4276-9FBA-7CB5AD5D2518}.AppStore|Any CPU.ActiveCfg = Release|Any CPU
		{B445DF73-AC9E-4276-9FBA-7CB5AD5D2518}.AppStore|Any CPU.Build.0 = Release|Any CPU
		{B445DF73-AC9E-4276-9FBA-7CB5AD5D2518}.AppStore|ARM.ActiveCfg = Release|Any CPU
		{B445DF73-AC9E-4276-9FBA-7CB5AD5D2518}.AppStore|ARM.Build.0 = Release|Any CPU
		{B445DF73-AC9E-4276-9FBA-7CB5AD5D2518}.AppStore|iPhone.ActiveCfg = Release|Any CPU
		{B445DF73-AC9E-4276-9FBA-7CB5AD5D2518}.AppStore|iPhone.Build.0 = Release|Any CPU
		{B445DF73-AC9E-4276-9FBA-7CB5AD5D2518}.AppStore|iPhoneSimulator.ActiveCfg = Release|Any CPU
		{B445DF73-AC9E-4276-9FBA-7CB5AD5D2518}.AppStore|iPhoneSimulator.Build.0 = Release|Any CPU
		{B445DF73-AC9E-4276-9FBA-7CB5AD5D2518}.AppStore|x64.ActiveCfg = Release|Any CPU
		{B445DF73-AC9E-4276-9FBA-7CB5AD5D2518}.AppStore|x64.Build.0 = Release|Any CPU
		{B445DF73-AC9E-4276-9FBA-7CB5AD5D2518}.AppStore|x86.ActiveCfg = Release|Any CPU
		{B445DF73-AC9E-4276-9FBA-7CB5AD5D2518}.AppStore|x86.Build.0 = Release|Any CPU
		{B445DF73-AC9E-4276-9FBA-7CB5AD5D2518}.Debug|Any CPU.ActiveCfg = Debug|Any CPU
		{B445DF73-AC9E-4276-9FBA-7CB5AD5D2518}.Debug|Any CPU.Build.0 = Debug|Any CPU
		{B445DF73-AC9E-4276-9FBA-7CB5AD5D2518}.Debug|ARM.ActiveCfg = Debug|Any CPU
		{B445DF73-AC9E-4276-9FBA-7CB5AD5D2518}.Debug|ARM.Build.0 = Debug|Any CPU
		{B445DF73-AC9E-4276-9FBA-7CB5AD5D2518}.Debug|iPhone.ActiveCfg = Debug|Any CPU
		{B445DF73-AC9E-4276-9FBA-7CB5AD5D2518}.Debug|iPhone.Build.0 = Debug|Any CPU
		{B445DF73-AC9E-4276-9FBA-7CB5AD5D2518}.Debug|iPhoneSimulator.ActiveCfg = Debug|Any CPU
		{B445DF73-AC9E-4276-9FBA-7CB5AD5D2518}.Debug|iPhoneSimulator.Build.0 = Debug|Any CPU
		{B445DF73-AC9E-4276-9FBA-7CB5AD5D2518}.Debug|x64.ActiveCfg = Debug|Any CPU
		{B445DF73-AC9E-4276-9FBA-7CB5AD5D2518}.Debug|x64.Build.0 = Debug|Any CPU
		{B445DF73-AC9E-4276-9FBA-7CB5AD5D2518}.Debug|x86.ActiveCfg = Debug|Any CPU
		{B445DF73-AC9E-4276-9FBA-7CB5AD5D2518}.Debug|x86.Build.0 = Debug|Any CPU
		{B445DF73-AC9E-4276-9FBA-7CB5AD5D2518}.Release|Any CPU.ActiveCfg = Release|Any CPU
		{B445DF73-AC9E-4276-9FBA-7CB5AD5D2518}.Release|Any CPU.Build.0 = Release|Any CPU
		{B445DF73-AC9E-4276-9FBA-7CB5AD5D2518}.Release|ARM.ActiveCfg = Release|Any CPU
		{B445DF73-AC9E-4276-9FBA-7CB5AD5D2518}.Release|ARM.Build.0 = Release|Any CPU
		{B445DF73-AC9E-4276-9FBA-7CB5AD5D2518}.Release|iPhone.ActiveCfg = Release|Any CPU
		{B445DF73-AC9E-4276-9FBA-7CB5AD5D2518}.Release|iPhone.Build.0 = Release|Any CPU
		{B445DF73-AC9E-4276-9FBA-7CB5AD5D2518}.Release|iPhoneSimulator.ActiveCfg = Release|Any CPU
		{B445DF73-AC9E-4276-9FBA-7CB5AD5D2518}.Release|iPhoneSimulator.Build.0 = Release|Any CPU
		{B445DF73-AC9E-4276-9FBA-7CB5AD5D2518}.Release|x64.ActiveCfg = Release|Any CPU
		{B445DF73-AC9E-4276-9FBA-7CB5AD5D2518}.Release|x64.Build.0 = Release|Any CPU
		{B445DF73-AC9E-4276-9FBA-7CB5AD5D2518}.Release|x86.ActiveCfg = Release|Any CPU
		{B445DF73-AC9E-4276-9FBA-7CB5AD5D2518}.Release|x86.Build.0 = Release|Any CPU
	EndGlobalSection
	GlobalSection(SolutionProperties) = preSolution
		HideSolutionNode = FALSE
	EndGlobalSection
	GlobalSection(ExtensibilityGlobals) = postSolution
		SolutionGuid = {F6D05029-56B8-4E45-AF2D-0E76295DDBA2}
	EndGlobalSection
EndGlobal
